
Microsoft Visual Studio Solution File, Format Version 12.00
Project("{2150E333-8FDC-42A3-9474-1A3956D46DE8}") = "AsyncAwait", "AsyncAwait", "{4D428BF4-24B7-4ECE-9F2A-D229C78B3182}"
EndProject
Project("{FAE04EC0-301F-11D3-BF4B-00C04F79EFBC}") = "AsyncAwait", "AsyncAwait\AsyncAwait.csproj", "{EDE6430D-E78E-44DD-88AF-FF27BEB91BD3}"
EndProject
Project("{2150E333-8FDC-42A3-9474-1A3956D46DE8}") = "ASPNETFIRST", "ASPNETFIRST", "{F70B9B63-CFF6-4680-9AF4-F7B2A7EDCC5D}"
EndProject
Project("{FAE04EC0-301F-11D3-BF4B-00C04F79EFBC}") = "ASPNETFIRST", "ASPNETFIRST\ASPNETFIRST.csproj", "{552907C2-0323-449C-AEB3-6DA037560E26}"
EndProject
Project("{2150E333-8FDC-42A3-9474-1A3956D46DE8}") = "Reflection", "Reflection", "{8405072B-56DF-4394-B62E-94727743D12A}"
EndProject
Project("{FAE04EC0-301F-11D3-BF4B-00C04F79EFBC}") = "TaskReflection", "Reflection\TaskReflection\TaskReflection.csproj", "{5C8C472F-91FE-4AD2-A9ED-559476B16D89}"
EndProject
Project("{FAE04EC0-301F-11D3-BF4B-00C04F79EFBC}") = "Extensions", "Reflection\Extensions\Extensions.csproj", "{20F5FA3A-B339-4382-A00A-590594FEAD3C}"
EndProject
Global
	GlobalSection(SolutionConfigurationPlatforms) = preSolution
		Debug|Any CPU = Debug|Any CPU
		Release|Any CPU = Release|Any CPU
	EndGlobalSection
	GlobalSection(NestedProjects) = preSolution
		{EDE6430D-E78E-44DD-88AF-FF27BEB91BD3} = {4D428BF4-24B7-4ECE-9F2A-D229C78B3182}
		{552907C2-0323-449C-AEB3-6DA037560E26} = {F70B9B63-CFF6-4680-9AF4-F7B2A7EDCC5D}
		{5C8C472F-91FE-4AD2-A9ED-559476B16D89} = {8405072B-56DF-4394-B62E-94727743D12A}
		{20F5FA3A-B339-4382-A00A-590594FEAD3C} = {8405072B-56DF-4394-B62E-94727743D12A}
	EndGlobalSection
	GlobalSection(ProjectConfigurationPlatforms) = postSolution
		{EDE6430D-E78E-44DD-88AF-FF27BEB91BD3}.Debug|Any CPU.ActiveCfg = Debug|Any CPU
		{EDE6430D-E78E-44DD-88AF-FF27BEB91BD3}.Debug|Any CPU.Build.0 = Debug|Any CPU
		{EDE6430D-E78E-44DD-88AF-FF27BEB91BD3}.Release|Any CPU.ActiveCfg = Release|Any CPU
		{EDE6430D-E78E-44DD-88AF-FF27BEB91BD3}.Release|Any CPU.Build.0 = Release|Any CPU
		{552907C2-0323-449C-AEB3-6DA037560E26}.Debug|Any CPU.ActiveCfg = Debug|Any CPU
		{552907C2-0323-449C-AEB3-6DA037560E26}.Debug|Any CPU.Build.0 = Debug|Any CPU
		{552907C2-0323-449C-AEB3-6DA037560E26}.Release|Any CPU.ActiveCfg = Release|Any CPU
		{552907C2-0323-449C-AEB3-6DA037560E26}.Release|Any CPU.Build.0 = Release|Any CPU
		{5C8C472F-91FE-4AD2-A9ED-559476B16D89}.Debug|Any CPU.ActiveCfg = Debug|Any CPU
		{5C8C472F-91FE-4AD2-A9ED-559476B16D89}.Debug|Any CPU.Build.0 = Debug|Any CPU
		{5C8C472F-91FE-4AD2-A9ED-559476B16D89}.Release|Any CPU.ActiveCfg = Release|Any CPU
		{5C8C472F-91FE-4AD2-A9ED-559476B16D89}.Release|Any CPU.Build.0 = Release|Any CPU
		{20F5FA3A-B339-4382-A00A-590594FEAD3C}.Debug|Any CPU.ActiveCfg = Debug|Any CPU
		{20F5FA3A-B339-4382-A00A-590594FEAD3C}.Debug|Any CPU.Build.0 = Debug|Any CPU
		{20F5FA3A-B339-4382-A00A-590594FEAD3C}.Release|Any CPU.ActiveCfg = Release|Any CPU
		{20F5FA3A-B339-4382-A00A-590594FEAD3C}.Release|Any CPU.Build.0 = Release|Any CPU
	EndGlobalSection
EndGlobal
